// !$*UTF8*$!
{
	archiveVersion = 1;
	classes = {
	};
	objectVersion = 46;
	objects = {

/* Begin PBXBuildFile section */
		0F60668C1CC67B37003E8B7F /* main.m in Sources */ = {isa = PBXBuildFile; fileRef = 0F60668B1CC67B37003E8B7F /* main.m */; };
		0F6066941CC67B4A003E8B7F /* Work4.6.m in Sources */ = {isa = PBXBuildFile; fileRef = 0F6066931CC67B4A003E8B7F /* Work4.6.m */; };
/* End PBXBuildFile section */

/* Begin PBXCopyFilesBuildPhase section */
		0F6066861CC67B37003E8B7F /* CopyFiles */ = {
			isa = PBXCopyFilesBuildPhase;
			buildActionMask = 2147483647;
			dstPath = /usr/share/man/man1/;
			dstSubfolderSpec = 0;
			files = (
			);
			runOnlyForDeploymentPostprocessing = 1;
		};
/* End PBXCopyFilesBuildPhase section */

/* Begin PBXFileReference section */
		0F6066881CC67B37003E8B7F /* Work4.6.10 */ = {isa = PBXFileReference; explicitFileType = "compiled.mach-o.executable"; includeInIndex = 0; path = Work4.6.10; sourceTree = BUILT_PRODUCTS_DIR; };
		0F60668B1CC67B37003E8B7F /* main.m */ = {isa = PBXFileReference; lastKnownFileType = sourcecode.c.objc; path = main.m; sourceTree = "<group>"; };
		0F6066921CC67B4A003E8B7F /* Work4.6.h */ = {isa = PBXFileReference; fileEncoding = 4; lastKnownFileType = sourcecode.c.h; path = Work4.6.h; sourceTree = "<group>"; };
		0F6066931CC67B4A003E8B7F /* Work4.6.m */ = {isa = PBXFileReference; fileEncoding = 4; lastKnownFileType = sourcecode.c.objc; path = Work4.6.m; sourceTree = "<group>"; };
/* End PBXFileReference section */

/* Begin PBXFrameworksBuildPhase section */
		0F6066851CC67B37003E8B7F /* Frameworks */ = {
			isa = PBXFrameworksBuildPhase;
			buildActionMask = 2147483647;
			files = (
			);
			runOnlyForDeploymentPostprocessing = 0;
		};
/* End PBXFrameworksBuildPhase section */

/* Begin PBXGroup section */
		0F60667F1CC67B37003E8B7F = {
			isa = PBXGroup;
			children = (
				0F60668A1CC67B37003E8B7F /* Work4.6.10 */,
				0F6066891CC67B37003E8B7F /* Products */,
			);
			sourceTree = "<group>";
		};
		0F6066891CC67B37003E8B7F /* Products */ = {
			isa = PBXGroup;
			children = (
				0F6066881CC67B37003E8B7F /* Work4.6.10 */,
			);
			name = Products;
			sourceTree = "<group>";
		};
		0F60668A1CC67B37003E8B7F /* Work4.6.10 */ = {
			isa = PBXGroup;
			children = (
				0F60668B1CC67B37003E8B7F /* main.m */,
				0F6066921CC67B4A003E8B7F /* Work4.6.h */,
				0F6066931CC67B4A003E8B7F /* Work4.6.m */,
			);
			path = Work4.6.10;
			sourceTree = "<group>";
		};
/* End PBXGroup section */

/* Begin PBXNativeTarget section */
		0F6066871CC67B37003E8B7F /* Work4.6.10 */ = {
			isa = PBXNativeTarget;
			buildConfigurationList = 0F60668F1CC67B37003E8B7F /* Build configuration list for PBXNativeTarget "Work4.6.10" */;
			buildPhases = (
				0F6066841CC67B37003E8B7F /* Sources */,
				0F6066851CC67B37003E8B7F /* Frameworks */,
				0F6066861CC67B37003E8B7F /* CopyFiles */,
			);
			buildRules = (
			);
			dependencies = (
			);
			name = Work4.6.10;
			productName = Work4.6.10;
			productReference = 0F6066881CC67B37003E8B7F /* Work4.6.10 */;
			productType = "com.apple.product-type.tool";
		};
/* End PBXNativeTarget section */

/* Begin PBXProject section */
		0F6066801CC67B37003E8B7F /* Project object */ = {
			isa = PBXProject;
			attributes = {
				LastUpgradeCheck = 0720;
				ORGANIZATIONNAME = "歹徒";
				TargetAttributes = {
					0F6066871CC67B37003E8B7F = {
						CreatedOnToolsVersion = 7.2.1;
					};
				};
			};
			buildConfigurationList = 0F6066831CC67B37003E8B7F /* Build configuration list for PBXProject "Work4.6.10" */;
			compatibilityVersion = "Xcode 3.2";
			developmentRegion = English;
			hasScannedForEncodings = 0;
			knownRegions = (
				en,
			);
			mainGroup = 0F60667F1CC67B37003E8B7F;
			productRefGroup = 0F6066891CC67B37003E8B7F /* Products */;
			projectDirPath = "";
			projectRoot = "";
			targets = (
				0F6066871CC67B37003E8B7F /* Work4.6.10 */,
			);
		};
/* End PBXProject section */

/* Begin PBXSourcesBuildPhase section */
		0F6066841CC67B37003E8B7F /* Sources */ = {
			isa = PBXSourcesBuildPhase;
			buildActionMask = 2147483647;
			files = (
				0F60668C1CC67B37003E8B7F /* main.m in Sources */,
				0F6066941CC67B4A003E8B7F /* Work4.6.m in Sources */,
			);
			runOnlyForDeploymentPostprocessing = 0;
		};
/* End PBXSourcesBuildPhase section */

/* Begin XCBuildConfiguration section */
		0F60668D1CC67B37003E8B7F /* Debug */ = {
			isa = XCBuildConfiguration;
			buildSettings = {
				ALWAYS_SEARCH_USER_PATHS = NO;
				CLANG_CXX_LANGUAGE_STANDARD = "gnu++0x";
				CLANG_CXX_LIBRARY = "libc++";
				CLANG_ENABLE_MODULES = YES;
				CLANG_ENABLE_OBJC_ARC = YES;
				CLANG_WARN_BOOL_CONVERSION = YES;
				CLANG_WARN_CONSTANT_CONVERSION = YES;
				CLANG_WARN_DIRECT_OBJC_ISA_USAGE = YES_ERROR;
				CLANG_WARN_EMPTY_BODY = YES;
				CLANG_WARN_ENUM_CONVERSION = YES;
				CLANG_WARN_INT_CONVERSION = YES;
				CLANG_WARN_OBJC_ROOT_CLASS = YES_ERROR;
				CLANG_WARN_UNREACHABLE_CODE = YES;
				CLANG_WARN__DUPLICATE_METHOD_MATCH = YES;
				CODE_SIGN_IDENTITY = "-";
				COPY_PHASE_STRIP = NO;
				DEBUG_INFORMATION_FORMAT = dwarf;
				ENABLE_STRICT_OBJC_MSGSEND = YES;
				ENABLE_TESTABILITY = YES;
				GCC_C_LANGUAGE_STANDARD = gnu99;
				GCC_DYNAMIC_NO_PIC = NO;
				GCC_NO_COMMON_BLOCKS = YES;
				GCC_OPTIMIZATION_LEVEL = 0;
				GCC_PREPROCESSOR_DEFINITIONS = (
					"DEBUG=1",
					"$(inherited)",
				);
				GCC_WARN_64_TO_32_BIT_CONVERSION = YES;
				GCC_WARN_ABOUT_RETURN_TYPE = YES_ERROR;
				GCC_WARN_UNDECLARED_SELECTOR = YES;
				GCC_WARN_UNINITIALIZED_AUTOS = YES_AGGRESSIVE;
				GCC_WARN_UNUSED_FUNCTION = YES;
				GCC_WARN_UNUSED_VARIABLE = YES;
				MACOSX_DEPLOYMENT_TARGET = 10.11;
				MTL_ENABLE_DEBUG_INFO = YES;
				ONLY_ACTIVE_ARCH = YES;
				SDKROOT = macosx;
			};
			name = Debug;
		};
		0F60668E1CC67B37003E8B7F /* Release */ = {
			isa = XCBuildConfiguration;
			buildSettings = {
				ALWAYS_SEARCH_USER_PATHS = NO;
				CLANG_CXX_LANGUAGE_STANDARD = "gnu++0x";
				CLANG_CXX_LIBRARY = "libc++";
				CLANG_ENABLE_MODULES = YES;
				CLANG_ENABLE_OBJC_ARC = YES;
				CLANG_WARN_BOOL_CONVERSION = YES;
				CLANG_WARN_CONSTANT_CONVERSION = YES;
				CLANG_WARN_DIRECT_OBJC_ISA_USAGE = YES_ERROR;
				CLANG_WARN_EMPTY_BODY = YES;
				CLANG_WARN_ENUM_CONVERSION = YES;
				CLANG_WARN_INT_CONVERSION = YES;
				CLANG_WARN_OBJC_ROOT_CLASS = YES_ERROR;
				CLANG_WARN_UNREACHABLE_CODE = YES;
				CLANG_WARN__DUPLICATE_METHOD_MATCH = YES;
				CODE_SIGN_IDENTITY = "-";
				COPY_PHASE_STRIP = NO;
				DEBUG_INFORMATION_FORMAT = "dwarf-with-dsym";
				ENABLE_NS_ASSERTIONS = NO;
				ENABLE_STRICT_OBJC_MSGSEND = YES;
				GCC_C_LANGUAGE_STANDARD = gnu99;
				GCC_NO_COMMON_BLOCKS = YES;
				GCC_WARN_64_TO_32_BIT_CONVERSION = YES;
				GCC_WARN_ABOUT_RETURN_TYPE = YES_ERROR;
				GCC_WARN_UNDECLARED_SELECTOR = YES;
				GCC_WARN_UNINITIALIZED_AUTOS = YES_AGGRESSIVE;
				GCC_WARN_UNUSED_FUNCTION = YES;
				GCC_WARN_UNUSED_VARIABLE = YES;
				MACOSX_DEPLOYMENT_TARGET = 10.11;
				MTL_ENABLE_DEBUG_INFO = NO;
				SDKROOT = macosx;
			};
			name = Release;
		};
		0F6066901CC67B37003E8B7F /* Debug */ = {
			isa = XCBuildConfiguration;
			buildSettings = {
				PRODUCT_NAME = "$(TARGET_NAME)";
			};
			name = Debug;
		};
		0F6066911CC67B37003E8B7F /* Release */ = {
			isa = XCBuildConfiguration;
			buildSettings = {
				PRODUCT_NAME = "$(TARGET_NAME)";
			};
			name = Release;
		};
/* End XCBuildConfiguration section */

/* Begin XCConfigurationList section */
		0F6066831CC67B37003E8B7F /* Build configuration list for PBXProject "Work4.6.10" */ = {
			isa = XCConfigurationList;
			buildConfigurations = (
				0F60668D1CC67B37003E8B7F /* Debug */,
				0F60668E1CC67B37003E8B7F /* Release */,
			);
			defaultConfigurationIsVisible = 0;
			defaultConfigurationName = Release;
		};
		0F60668F1CC67B37003E8B7F /* Build configuration list for PBXNativeTarget "Work4.6.10" */ = {
			isa = XCConfigurationList;
			buildConfigurations = (
				0F6066901CC67B37003E8B7F /* Debug */,
				0F6066911CC67B37003E8B7F /* Release */,
			);
			defaultConfigurationIsVisible = 0;
		};
/* End XCConfigurationList section */
	};
	rootObject = 0F6066801CC67B37003E8B7F /* Project object */;
}
